// !$*UTF8*$!
{
	archiveVersion = 1;
	classes = {
	};
	objectVersion = 46;
	objects = {

/* Begin PBXBuildFile section */
		DE49F60D1C3E106900CC9722 /* readMe.txt in Resources */ = {isa = PBXBuildFile; fileRef = DE49F60C1C3E106900CC9722 /* readMe.txt */; settings = {ASSET_TAGS = (); }; };
		DE49F60F1C3E111900CC9722 /* readMe.txt in Resources */ = {isa = PBXBuildFile; fileRef = DE49F60E1C3E111900CC9722 /* readMe.txt */; settings = {ASSET_TAGS = (); }; };
		DE49F6111C3E11F100CC9722 /* ReadMe.txt in Resources */ = {isa = PBXBuildFile; fileRef = DE49F6101C3E11F100CC9722 /* ReadMe.txt */; settings = {ASSET_TAGS = (); }; };
		DE49F6131C3E122A00CC9722 /* ReadMe.txt in Resources */ = {isa = PBXBuildFile; fileRef = DE49F6121C3E122A00CC9722 /* ReadMe.txt */; settings = {ASSET_TAGS = (); }; };
		DE49F6151C3E12A800CC9722 /* readMe.txt in Resources */ = {isa = PBXBuildFile; fileRef = DE49F6141C3E12A800CC9722 /* readMe.txt */; settings = {ASSET_TAGS = (); }; };
		DE49F6171C3E12DB00CC9722 /* ReadMe.txt in Resources */ = {isa = PBXBuildFile; fileRef = DE49F6161C3E12DB00CC9722 /* ReadMe.txt */; settings = {ASSET_TAGS = (); }; };
		DE49F6191C3E131C00CC9722 /* ReadMe.txt in Resources */ = {isa = PBXBuildFile; fileRef = DE49F6181C3E131C00CC9722 /* ReadMe.txt */; settings = {ASSET_TAGS = (); }; };
		DEB2BC841C3BB8EB00C92B98 /* main.m in Sources */ = {isa = PBXBuildFile; fileRef = DEB2BC831C3BB8EB00C92B98 /* main.m */; };
		DEB2BC871C3BB8EB00C92B98 /* AppDelegate.m in Sources */ = {isa = PBXBuildFile; fileRef = DEB2BC861C3BB8EB00C92B98 /* AppDelegate.m */; };
		DEB2BC8A1C3BB8EB00C92B98 /* First.m in Sources */ = {isa = PBXBuildFile; fileRef = DEB2BC891C3BB8EB00C92B98 /* First.m */; };
		DEB2BC8D1C3BB8EB00C92B98 /* Main.storyboard in Resources */ = {isa = PBXBuildFile; fileRef = DEB2BC8B1C3BB8EB00C92B98 /* Main.storyboard */; };
		DEB2BC8F1C3BB8EB00C92B98 /* Assets.xcassets in Resources */ = {isa = PBXBuildFile; fileRef = DEB2BC8E1C3BB8EB00C92B98 /* Assets.xcassets */; };
		DEB2BC921C3BB8EB00C92B98 /* LaunchScreen.storyboard in Resources */ = {isa = PBXBuildFile; fileRef = DEB2BC901C3BB8EB00C92B98 /* LaunchScreen.storyboard */; };
/* End PBXBuildFile section */

/* Begin PBXFileReference section */
		DE49F60C1C3E106900CC9722 /* readMe.txt */ = {isa = PBXFileReference; fileEncoding = 4; lastKnownFileType = text; path = readMe.txt; sourceTree = "<group>"; };
		DE49F60E1C3E111900CC9722 /* readMe.txt */ = {isa = PBXFileReference; fileEncoding = 4; lastKnownFileType = text; path = readMe.txt; sourceTree = "<group>"; };
		DE49F6101C3E11F100CC9722 /* ReadMe.txt */ = {isa = PBXFileReference; fileEncoding = 4; lastKnownFileType = text; path = ReadMe.txt; sourceTree = "<group>"; };
		DE49F6121C3E122A00CC9722 /* ReadMe.txt */ = {isa = PBXFileReference; fileEncoding = 4; lastKnownFileType = text; path = ReadMe.txt; sourceTree = "<group>"; };
		DE49F6141C3E12A800CC9722 /* readMe.txt */ = {isa = PBXFileReference; fileEncoding = 4; lastKnownFileType = text; path = readMe.txt; sourceTree = "<group>"; };
		DE49F6161C3E12DB00CC9722 /* ReadMe.txt */ = {isa = PBXFileReference; fileEncoding = 4; lastKnownFileType = text; path = ReadMe.txt; sourceTree = "<group>"; };
		DE49F6181C3E131C00CC9722 /* ReadMe.txt */ = {isa = PBXFileReference; fileEncoding = 4; lastKnownFileType = text; path = ReadMe.txt; sourceTree = "<group>"; };
		DEB2BC7F1C3BB8EB00C92B98 /* PD Push.app */ = {isa = PBXFileReference; explicitFileType = wrapper.application; includeInIndex = 0; path = "PD Push.app"; sourceTree = BUILT_PRODUCTS_DIR; };
		DEB2BC831C3BB8EB00C92B98 /* main.m */ = {isa = PBXFileReference; lastKnownFileType = sourcecode.c.objc; path = main.m; sourceTree = "<group>"; };
		DEB2BC851C3BB8EB00C92B98 /* AppDelegate.h */ = {isa = PBXFileReference; lastKnownFileType = sourcecode.c.h; path = AppDelegate.h; sourceTree = "<group>"; };
		DEB2BC861C3BB8EB00C92B98 /* AppDelegate.m */ = {isa = PBXFileReference; lastKnownFileType = sourcecode.c.objc; path = AppDelegate.m; sourceTree = "<group>"; };
		DEB2BC881C3BB8EB00C92B98 /* First.h */ = {isa = PBXFileReference; lastKnownFileType = sourcecode.c.h; name = First.h; path = ../First.h; sourceTree = "<group>"; };
		DEB2BC891C3BB8EB00C92B98 /* First.m */ = {isa = PBXFileReference; lastKnownFileType = sourcecode.c.objc; name = First.m; path = ../First.m; sourceTree = "<group>"; };
		DEB2BC8C1C3BB8EB00C92B98 /* Base */ = {isa = PBXFileReference; lastKnownFileType = file.storyboard; name = Base; path = Base.lproj/Main.storyboard; sourceTree = "<group>"; };
		DEB2BC8E1C3BB8EB00C92B98 /* Assets.xcassets */ = {isa = PBXFileReference; lastKnownFileType = folder.assetcatalog; name = Assets.xcassets; path = ../Assets.xcassets; sourceTree = "<group>"; };
		DEB2BC911C3BB8EB00C92B98 /* Base */ = {isa = PBXFileReference; lastKnownFileType = file.storyboard; name = Base; path = Base.lproj/LaunchScreen.storyboard; sourceTree = "<group>"; };
		DEB2BC931C3BB8EB00C92B98 /* Info.plist */ = {isa = PBXFileReference; lastKnownFileType = text.plist.xml; path = Info.plist; sourceTree = "<group>"; };
/* End PBXFileReference section */

/* Begin PBXFrameworksBuildPhase section */
		DEB2BC7C1C3BB8EB00C92B98 /* Frameworks */ = {
			isa = PBXFrameworksBuildPhase;
			buildActionMask = 2147483647;
			files = (
			);
			runOnlyForDeploymentPostprocessing = 0;
		};
/* End PBXFrameworksBuildPhase section */

/* Begin PBXGroup section */
		DE49F6011C3E0D0900CC9722 /* API */ = {
			isa = PBXGroup;
			children = (
				DE49F60C1C3E106900CC9722 /* readMe.txt */,
			);
			path = API;
			sourceTree = "<group>";
		};
		DE49F6021C3E0D0900CC9722 /* Common */ = {
			isa = PBXGroup;
			children = (
				DE49F60E1C3E111900CC9722 /* readMe.txt */,
			);
			path = Common;
			sourceTree = "<group>";
		};
		DE49F6031C3E0D0900CC9722 /* Controller */ = {
			isa = PBXGroup;
			children = (
				DEB2BC881C3BB8EB00C92B98 /* First.h */,
				DEB2BC891C3BB8EB00C92B98 /* First.m */,
			);
			path = Controller;
			sourceTree = "<group>";
		};
		DE49F6051C3E0D0900CC9722 /* Helpers */ = {
			isa = PBXGroup;
			children = (
				DE49F6101C3E11F100CC9722 /* ReadMe.txt */,
			);
			path = Helpers;
			sourceTree = "<group>";
		};
		DE49F6061C3E0D0900CC9722 /* Model */ = {
			isa = PBXGroup;
			children = (
				DE49F6121C3E122A00CC9722 /* ReadMe.txt */,
			);
			path = Model;
			sourceTree = "<group>";
		};
		DE49F6071C3E0D0900CC9722 /* Resources */ = {
			isa = PBXGroup;
			children = (
				DEB2BC8E1C3BB8EB00C92B98 /* Assets.xcassets */,
				DE49F6141C3E12A800CC9722 /* readMe.txt */,
			);
			path = Resources;
			sourceTree = "<group>";
		};
		DE49F6081C3E0D0900CC9722 /* ThirdPartyLibrary */ = {
			isa = PBXGroup;
			children = (
				DE49F6161C3E12DB00CC9722 /* ReadMe.txt */,
			);
			path = ThirdPartyLibrary;
			sourceTree = "<group>";
		};
		DE49F6091C3E0D0900CC9722 /* Views */ = {
			isa = PBXGroup;
			children = (
				DE49F6181C3E131C00CC9722 /* ReadMe.txt */,
			);
			path = Views;
			sourceTree = "<group>";
		};
		DE49F60A1C3E0D9600CC9722 /* AppDelegate */ = {
			isa = PBXGroup;
			children = (
				DEB2BC851C3BB8EB00C92B98 /* AppDelegate.h */,
				DEB2BC861C3BB8EB00C92B98 /* AppDelegate.m */,
			);
			name = AppDelegate;
			sourceTree = "<group>";
		};
		DE49F60B1C3E0E0A00CC9722 /* Layout */ = {
			isa = PBXGroup;
			children = (
				DEB2BC8B1C3BB8EB00C92B98 /* Main.storyboard */,
				DEB2BC901C3BB8EB00C92B98 /* LaunchScreen.storyboard */,
			);
			name = Layout;
			sourceTree = "<group>";
		};
		DEB2BC761C3BB8EB00C92B98 = {
			isa = PBXGroup;
			children = (
				DEB2BC811C3BB8EB00C92B98 /* DemoPushNotification */,
				DEB2BC801C3BB8EB00C92B98 /* Products */,
			);
			sourceTree = "<group>";
		};
		DEB2BC801C3BB8EB00C92B98 /* Products */ = {
			isa = PBXGroup;
			children = (
				DEB2BC7F1C3BB8EB00C92B98 /* PD Push.app */,
			);
			name = Products;
			sourceTree = "<group>";
		};
		DEB2BC811C3BB8EB00C92B98 /* DemoPushNotification */ = {
			isa = PBXGroup;
			children = (
				DE49F6011C3E0D0900CC9722 /* API */,
				DE49F6021C3E0D0900CC9722 /* Common */,
				DE49F6031C3E0D0900CC9722 /* Controller */,
				DE49F6051C3E0D0900CC9722 /* Helpers */,
				DE49F6061C3E0D0900CC9722 /* Model */,
				DE49F6071C3E0D0900CC9722 /* Resources */,
				DE49F6081C3E0D0900CC9722 /* ThirdPartyLibrary */,
				DE49F6091C3E0D0900CC9722 /* Views */,
				DE49F60A1C3E0D9600CC9722 /* AppDelegate */,
				DE49F60B1C3E0E0A00CC9722 /* Layout */,
				DEB2BC821C3BB8EB00C92B98 /* Supporting Files */,
			);
			path = DemoPushNotification;
			sourceTree = "<group>";
		};
		DEB2BC821C3BB8EB00C92B98 /* Supporting Files */ = {
			isa = PBXGroup;
			children = (
				DEB2BC931C3BB8EB00C92B98 /* Info.plist */,
				DEB2BC831C3BB8EB00C92B98 /* main.m */,
			);
			name = "Supporting Files";
			sourceTree = "<group>";
		};
/* End PBXGroup section */

/* Begin PBXNativeTarget section */
		DEB2BC7E1C3BB8EB00C92B98 /* DemoPushNotification */ = {
			isa = PBXNativeTarget;
			buildConfigurationList = DEB2BC961C3BB8EB00C92B98 /* Build configuration list for PBXNativeTarget "DemoPushNotification" */;
			buildPhases = (
				DEB2BC7B1C3BB8EB00C92B98 /* Sources */,
				DEB2BC7C1C3BB8EB00C92B98 /* Frameworks */,
				DEB2BC7D1C3BB8EB00C92B98 /* Resources */,
			);
			buildRules = (
			);
			dependencies = (
			);
			name = DemoPushNotification;
			productName = DemoPushNotification;
			productReference = DEB2BC7F1C3BB8EB00C92B98 /* PD Push.app */;
			productType = "com.apple.product-type.application";
		};
/* End PBXNativeTarget section */

/* Begin PBXProject section */
		DEB2BC771C3BB8EB00C92B98 /* Project object */ = {
			isa = PBXProject;
			attributes = {
				LastUpgradeCheck = 0700;
				ORGANIZATIONNAME = phuocdai;
				TargetAttributes = {
					DEB2BC7E1C3BB8EB00C92B98 = {
						CreatedOnToolsVersion = 7.0;
					};
				};
			};
			buildConfigurationList = DEB2BC7A1C3BB8EB00C92B98 /* Build configuration list for PBXProject "DemoPushNotification" */;
			compatibilityVersion = "Xcode 3.2";
			developmentRegion = English;
			hasScannedForEncodings = 0;
			knownRegions = (
				en,
				Base,
			);
			mainGroup = DEB2BC761C3BB8EB00C92B98;
			productRefGroup = DEB2BC801C3BB8EB00C92B98 /* Products */;
			projectDirPath = "";
			projectRoot = "";
			targets = (
				DEB2BC7E1C3BB8EB00C92B98 /* DemoPushNotification */,
			);
		};
/* End PBXProject section */

/* Begin PBXResourcesBuildPhase section */
		DEB2BC7D1C3BB8EB00C92B98 /* Resources */ = {
			isa = PBXResourcesBuildPhase;
			buildActionMask = 2147483647;
			files = (
				DE49F60F1C3E111900CC9722 /* readMe.txt in Resources */,
				DEB2BC921C3BB8EB00C92B98 /* LaunchScreen.storyboard in Resources */,
				DEB2BC8F1C3BB8EB00C92B98 /* Assets.xcassets in Resources */,
				DE49F60D1C3E106900CC9722 /* readMe.txt in Resources */,
				DE49F6111C3E11F100CC9722 /* ReadMe.txt in Resources */,
				DE49F6131C3E122A00CC9722 /* ReadMe.txt in Resources */,
				DE49F6151C3E12A800CC9722 /* readMe.txt in Resources */,
				DE49F6171C3E12DB00CC9722 /* ReadMe.txt in Resources */,
				DE49F6191C3E131C00CC9722 /* ReadMe.txt in Resources */,
				DEB2BC8D1C3BB8EB00C92B98 /* Main.storyboard in Resources */,
			);
			runOnlyForDeploymentPostprocessing = 0;
		};
/* End PBXResourcesBuildPhase section */

/* Begin PBXSourcesBuildPhase section */
		DEB2BC7B1C3BB8EB00C92B98 /* Sources */ = {
			isa = PBXSourcesBuildPhase;
			buildActionMask = 2147483647;
			files = (
				DEB2BC8A1C3BB8EB00C92B98 /* First.m in Sources */,
				DEB2BC871C3BB8EB00C92B98 /* AppDelegate.m in Sources */,
				DEB2BC841C3BB8EB00C92B98 /* main.m in Sources */,
			);
			runOnlyForDeploymentPostprocessing = 0;
		};
/* End PBXSourcesBuildPhase section */

/* Begin PBXVariantGroup section */
		DEB2BC8B1C3BB8EB00C92B98 /* Main.storyboard */ = {
			isa = PBXVariantGroup;
			children = (
				DEB2BC8C1C3BB8EB00C92B98 /* Base */,
			);
			name = Main.storyboard;
			sourceTree = "<group>";
		};
		DEB2BC901C3BB8EB00C92B98 /* LaunchScreen.storyboard */ = {
			isa = PBXVariantGroup;
			children = (
				DEB2BC911C3BB8EB00C92B98 /* Base */,
			);
			name = LaunchScreen.storyboard;
			sourceTree = "<group>";
		};
/* End PBXVariantGroup section */

/* Begin XCBuildConfiguration section */
		DEB2BC941C3BB8EB00C92B98 /* Debug */ = {
			isa = XCBuildConfiguration;
			buildSettings = {
				ALWAYS_SEARCH_USER_PATHS = NO;
				CLANG_CXX_LANGUAGE_STANDARD = "gnu++0x";
				CLANG_CXX_LIBRARY = "libc++";
				CLANG_ENABLE_MODULES = YES;
				CLANG_ENABLE_OBJC_ARC = YES;
				CLANG_WARN_BOOL_CONVERSION = YES;
				CLANG_WARN_CONSTANT_CONVERSION = YES;
				CLANG_WARN_DIRECT_OBJC_ISA_USAGE = YES_ERROR;
				CLANG_WARN_EMPTY_BODY = YES;
				CLANG_WARN_ENUM_CONVERSION = YES;
				CLANG_WARN_INT_CONVERSION = YES;
				CLANG_WARN_OBJC_ROOT_CLASS = YES_ERROR;
				CLANG_WARN_UNREACHABLE_CODE = YES;
				CLANG_WARN__DUPLICATE_METHOD_MATCH = YES;
				CODE_SIGN_IDENTITY = "";
				"CODE_SIGN_IDENTITY[sdk=iphoneos*]" = "";
				COPY_PHASE_STRIP = NO;
				DEBUG_INFORMATION_FORMAT = dwarf;
				ENABLE_STRICT_OBJC_MSGSEND = YES;
				ENABLE_TESTABILITY = YES;
				GCC_C_LANGUAGE_STANDARD = gnu99;
				GCC_DYNAMIC_NO_PIC = NO;
				GCC_NO_COMMON_BLOCKS = YES;
				GCC_OPTIMIZATION_LEVEL = 0;
				GCC_PREPROCESSOR_DEFINITIONS = (
					"DEBUG=1",
					"$(inherited)",
				);
				GCC_WARN_64_TO_32_BIT_CONVERSION = YES;
				GCC_WARN_ABOUT_RETURN_TYPE = YES_ERROR;
				GCC_WARN_UNDECLARED_SELECTOR = YES;
				GCC_WARN_UNINITIALIZED_AUTOS = YES_AGGRESSIVE;
				GCC_WARN_UNUSED_FUNCTION = YES;
				GCC_WARN_UNUSED_VARIABLE = YES;
				IPHONEOS_DEPLOYMENT_TARGET = 9.0;
				MTL_ENABLE_DEBUG_INFO = YES;
				ONLY_ACTIVE_ARCH = YES;
				PROVISIONING_PROFILE = "";
				SDKROOT = iphoneos;
			};
			name = Debug;
		};
		DEB2BC951C3BB8EB00C92B98 /* Release */ = {
			isa = XCBuildConfiguration;
			buildSettings = {
				ALWAYS_SEARCH_USER_PATHS = NO;
				CLANG_CXX_LANGUAGE_STANDARD = "gnu++0x";
				CLANG_CXX_LIBRARY = "libc++";
				CLANG_ENABLE_MODULES = YES;
				CLANG_ENABLE_OBJC_ARC = YES;
				CLANG_WARN_BOOL_CONVERSION = YES;
				CLANG_WARN_CONSTANT_CONVERSION = YES;
				CLANG_WARN_DIRECT_OBJC_ISA_USAGE = YES_ERROR;
				CLANG_WARN_EMPTY_BODY = YES;
				CLANG_WARN_ENUM_CONVERSION = YES;
				CLANG_WARN_INT_CONVERSION = YES;
				CLANG_WARN_OBJC_ROOT_CLASS = YES_ERROR;
				CLANG_WARN_UNREACHABLE_CODE = YES;
				CLANG_WARN__DUPLICATE_METHOD_MATCH = YES;
				CODE_SIGN_IDENTITY = "";
				"CODE_SIGN_IDENTITY[sdk=iphoneos*]" = "";
				COPY_PHASE_STRIP = NO;
				DEBUG_INFORMATION_FORMAT = "dwarf-with-dsym";
				ENABLE_NS_ASSERTIONS = NO;
				ENABLE_STRICT_OBJC_MSGSEND = YES;
				GCC_C_LANGUAGE_STANDARD = gnu99;
				GCC_NO_COMMON_BLOCKS = YES;
				GCC_WARN_64_TO_32_BIT_CONVERSION = YES;
				GCC_WARN_ABOUT_RETURN_TYPE = YES_ERROR;
				GCC_WARN_UNDECLARED_SELECTOR = YES;
				GCC_WARN_UNINITIALIZED_AUTOS = YES_AGGRESSIVE;
				GCC_WARN_UNUSED_FUNCTION = YES;
				GCC_WARN_UNUSED_VARIABLE = YES;
				IPHONEOS_DEPLOYMENT_TARGET = 9.0;
				MTL_ENABLE_DEBUG_INFO = NO;
				PROVISIONING_PROFILE = "";
				SDKROOT = iphoneos;
				VALIDATE_PRODUCT = YES;
			};
			name = Release;
		};
		DEB2BC971C3BB8EB00C92B98 /* Debug */ = {
			isa = XCBuildConfiguration;
			buildSettings = {
				ASSETCATALOG_COMPILER_APPICON_NAME = AppIcon;
				CODE_SIGN_IDENTITY = "iPhone Developer";
				INFOPLIST_FILE = DemoPushNotification/Info.plist;
				IPHONEOS_DEPLOYMENT_TARGET = 8.0;
				LD_RUNPATH_SEARCH_PATHS = "$(inherited) @executable_path/Frameworks";
				PRODUCT_BUNDLE_IDENTIFIER = com.phuocdai.DemoPushNotification;
				PRODUCT_NAME = "PD Push";
				PROVISIONING_PROFILE = "";
			};
			name = Debug;
		};
		DEB2BC981C3BB8EB00C92B98 /* Release */ = {
			isa = XCBuildConfiguration;
			buildSettings = {
				ASSETCATALOG_COMPILER_APPICON_NAME = AppIcon;
				CODE_SIGN_IDENTITY = "iPhone Developer";
				INFOPLIST_FILE = DemoPushNotification/Info.plist;
				IPHONEOS_DEPLOYMENT_TARGET = 8.0;
				LD_RUNPATH_SEARCH_PATHS = "$(inherited) @executable_path/Frameworks";
				PRODUCT_BUNDLE_IDENTIFIER = com.phuocdai.DemoPushNotification;
				PRODUCT_NAME = "PD Push";
				PROVISIONING_PROFILE = "";
			};
			name = Release;
		};
/* End XCBuildConfiguration section */

/* Begin XCConfigurationList section */
		DEB2BC7A1C3BB8EB00C92B98 /* Build configuration list for PBXProject "DemoPushNotification" */ = {
			isa = XCConfigurationList;
			buildConfigurations = (
				DEB2BC941C3BB8EB00C92B98 /* Debug */,
				DEB2BC951C3BB8EB00C92B98 /* Release */,
			);
			defaultConfigurationIsVisible = 0;
			defaultConfigurationName = Release;
		};
		DEB2BC961C3BB8EB00C92B98 /* Build configuration list for PBXNativeTarget "DemoPushNotification" */ = {
			isa = XCConfigurationList;
			buildConfigurations = (
				DEB2BC971C3BB8EB00C92B98 /* Debug */,
				DEB2BC981C3BB8EB00C92B98 /* Release */,
			);
			defaultConfigurationIsVisible = 0;
			defaultConfigurationName = Release;
		};
/* End XCConfigurationList section */
	};
	rootObject = DEB2BC771C3BB8EB00C92B98 /* Project object */;
}
