// !$*UTF8*$!
{
	archiveVersion = 1;
	classes = {
	};
	objectVersion = 46;
	objects = {

/* Begin PBXBuildFile section */
		DE49F61D1C3E19AA00CC9722 /* NSString+APIPaths.m in Sources */ = {isa = PBXBuildFile; fileRef = DE49F61C1C3E19AA00CC9722 /* NSString+APIPaths.m */; };
		DE49F6201C3E1ACB00CC9722 /* PDError.m in Sources */ = {isa = PBXBuildFile; fileRef = DE49F61F1C3E1ACB00CC9722 /* PDError.m */; };
		DE49F6291C3E3C0C00CC9722 /* PDHTTPClient.m in Sources */ = {isa = PBXBuildFile; fileRef = DE49F6281C3E3C0C00CC9722 /* PDHTTPClient.m */; settings = {ASSET_TAGS = (); }; };
		DE49F62C1C3E43C600CC9722 /* PDUserDetail.m in Sources */ = {isa = PBXBuildFile; fileRef = DE49F62B1C3E43C600CC9722 /* PDUserDetail.m */; settings = {ASSET_TAGS = (); }; };
		DE49F6451C3E54B400CC9722 /* Contents.json in Resources */ = {isa = PBXBuildFile; fileRef = DE49F62F1C3E54B400CC9722 /* Contents.json */; settings = {ASSET_TAGS = (); }; };
		DE49F6461C3E54B400CC9722 /* Icon-40.png in Resources */ = {isa = PBXBuildFile; fileRef = DE49F6301C3E54B400CC9722 /* Icon-40.png */; settings = {ASSET_TAGS = (); }; };
		DE49F6471C3E54B400CC9722 /* Icon-40@2x.png in Resources */ = {isa = PBXBuildFile; fileRef = DE49F6311C3E54B400CC9722 /* Icon-40@2x.png */; settings = {ASSET_TAGS = (); }; };
		DE49F6481C3E54B400CC9722 /* Icon-40@3x.png in Resources */ = {isa = PBXBuildFile; fileRef = DE49F6321C3E54B400CC9722 /* Icon-40@3x.png */; settings = {ASSET_TAGS = (); }; };
		DE49F6491C3E54B400CC9722 /* Icon-60@2x.png in Resources */ = {isa = PBXBuildFile; fileRef = DE49F6331C3E54B400CC9722 /* Icon-60@2x.png */; settings = {ASSET_TAGS = (); }; };
		DE49F64A1C3E54B400CC9722 /* Icon-60@3x.png in Resources */ = {isa = PBXBuildFile; fileRef = DE49F6341C3E54B400CC9722 /* Icon-60@3x.png */; settings = {ASSET_TAGS = (); }; };
		DE49F64B1C3E54B400CC9722 /* Icon-76.png in Resources */ = {isa = PBXBuildFile; fileRef = DE49F6351C3E54B400CC9722 /* Icon-76.png */; settings = {ASSET_TAGS = (); }; };
		DE49F64C1C3E54B400CC9722 /* Icon-76@2x.png in Resources */ = {isa = PBXBuildFile; fileRef = DE49F6361C3E54B400CC9722 /* Icon-76@2x.png */; settings = {ASSET_TAGS = (); }; };
		DE49F64D1C3E54B400CC9722 /* Icon-83.5@2x.png in Resources */ = {isa = PBXBuildFile; fileRef = DE49F6371C3E54B400CC9722 /* Icon-83.5@2x.png */; settings = {ASSET_TAGS = (); }; };
		DE49F64E1C3E54B400CC9722 /* Icon-Small.png in Resources */ = {isa = PBXBuildFile; fileRef = DE49F6381C3E54B400CC9722 /* Icon-Small.png */; settings = {ASSET_TAGS = (); }; };
		DE49F64F1C3E54B400CC9722 /* Icon-Small@2x.png in Resources */ = {isa = PBXBuildFile; fileRef = DE49F6391C3E54B400CC9722 /* Icon-Small@2x.png */; settings = {ASSET_TAGS = (); }; };
		DE49F6501C3E54B400CC9722 /* Icon-Small@3x.png in Resources */ = {isa = PBXBuildFile; fileRef = DE49F63A1C3E54B400CC9722 /* Icon-Small@3x.png */; settings = {ASSET_TAGS = (); }; };
		DE49F6511C3E54B400CC9722 /* Icon-60.png in Resources */ = {isa = PBXBuildFile; fileRef = DE49F63B1C3E54B400CC9722 /* Icon-60.png */; settings = {ASSET_TAGS = (); }; };
		DE49F6521C3E54B400CC9722 /* Icon-72.png in Resources */ = {isa = PBXBuildFile; fileRef = DE49F63C1C3E54B400CC9722 /* Icon-72.png */; settings = {ASSET_TAGS = (); }; };
		DE49F6531C3E54B400CC9722 /* Icon-72@2x.png in Resources */ = {isa = PBXBuildFile; fileRef = DE49F63D1C3E54B400CC9722 /* Icon-72@2x.png */; settings = {ASSET_TAGS = (); }; };
		DE49F6541C3E54B400CC9722 /* Icon-Small-50.png in Resources */ = {isa = PBXBuildFile; fileRef = DE49F63E1C3E54B400CC9722 /* Icon-Small-50.png */; settings = {ASSET_TAGS = (); }; };
		DE49F6551C3E54B400CC9722 /* Icon-Small-50@2x.png in Resources */ = {isa = PBXBuildFile; fileRef = DE49F63F1C3E54B400CC9722 /* Icon-Small-50@2x.png */; settings = {ASSET_TAGS = (); }; };
		DE49F6561C3E54B400CC9722 /* Icon.png in Resources */ = {isa = PBXBuildFile; fileRef = DE49F6401C3E54B400CC9722 /* Icon.png */; settings = {ASSET_TAGS = (); }; };
		DE49F6571C3E54B400CC9722 /* Icon@2x.png in Resources */ = {isa = PBXBuildFile; fileRef = DE49F6411C3E54B400CC9722 /* Icon@2x.png */; settings = {ASSET_TAGS = (); }; };
		DE49F6581C3E54B400CC9722 /* iTunesArtwork.png in Resources */ = {isa = PBXBuildFile; fileRef = DE49F6421C3E54B400CC9722 /* iTunesArtwork.png */; settings = {ASSET_TAGS = (); }; };
		DE49F6591C3E54B400CC9722 /* iTunesArtwork@2x.png in Resources */ = {isa = PBXBuildFile; fileRef = DE49F6431C3E54B400CC9722 /* iTunesArtwork@2x.png */; settings = {ASSET_TAGS = (); }; };
		DE49F65D1C3F54AB00CC9722 /* PDUserDefault.m in Sources */ = {isa = PBXBuildFile; fileRef = DE49F65C1C3F54AB00CC9722 /* PDUserDefault.m */; settings = {ASSET_TAGS = (); }; };
		DE49F6601C3F552900CC9722 /* PDUser.m in Sources */ = {isa = PBXBuildFile; fileRef = DE49F65F1C3F552900CC9722 /* PDUser.m */; settings = {ASSET_TAGS = (); }; };
		DE49F6681C3F703C00CC9722 /* Foundation.framework in Frameworks */ = {isa = PBXBuildFile; fileRef = DE49F6671C3F703C00CC9722 /* Foundation.framework */; };
		DE49F66E1C3F93A000CC9722 /* PDLogin.m in Sources */ = {isa = PBXBuildFile; fileRef = DE49F66D1C3F93A000CC9722 /* PDLogin.m */; settings = {ASSET_TAGS = (); }; };
		DE8446D21C449CE800DA6454 /* PDListUser.m in Sources */ = {isa = PBXBuildFile; fileRef = DE8446D11C449CE800DA6454 /* PDListUser.m */; settings = {ASSET_TAGS = (); }; };
		DE8446D51C44A32500DA6454 /* PDListUserCell.m in Sources */ = {isa = PBXBuildFile; fileRef = DE8446D41C44A32500DA6454 /* PDListUserCell.m */; settings = {ASSET_TAGS = (); }; };
		DE8446D81C44A9EA00DA6454 /* UserObject.m in Sources */ = {isa = PBXBuildFile; fileRef = DE8446D71C44A9EA00DA6454 /* UserObject.m */; settings = {ASSET_TAGS = (); }; };
		DE8446E71C44B82A00DA6454 /* NSDictionary+Verified.m in Sources */ = {isa = PBXBuildFile; fileRef = DE8446E21C44B82A00DA6454 /* NSDictionary+Verified.m */; settings = {ASSET_TAGS = (); }; };
		DE8446E81C44B82A00DA6454 /* NSString+Verify.m in Sources */ = {isa = PBXBuildFile; fileRef = DE8446E41C44B82A00DA6454 /* NSString+Verify.m */; settings = {ASSET_TAGS = (); }; };
		DE8446EE1C44B88200DA6454 /* PDBaseParser.m in Sources */ = {isa = PBXBuildFile; fileRef = DE8446EB1C44B88200DA6454 /* PDBaseParser.m */; settings = {ASSET_TAGS = (); }; };
		DE8446EF1C44B88200DA6454 /* PDUserObjectParser.m in Sources */ = {isa = PBXBuildFile; fileRef = DE8446ED1C44B88200DA6454 /* PDUserObjectParser.m */; settings = {ASSET_TAGS = (); }; };
		DE8446F21C44D9F800DA6454 /* PDEditUser.m in Sources */ = {isa = PBXBuildFile; fileRef = DE8446F11C44D9F800DA6454 /* PDEditUser.m */; settings = {ASSET_TAGS = (); }; };
		DE92A9E71C508E8C001284EC /* defaultImage.png in Resources */ = {isa = PBXBuildFile; fileRef = DE92A9E61C508E8C001284EC /* defaultImage.png */; settings = {ASSET_TAGS = (); }; };
		DE92A9ED1C50BE9D001284EC /* DummyData.json in Resources */ = {isa = PBXBuildFile; fileRef = DE92A9EC1C50BE9D001284EC /* DummyData.json */; settings = {ASSET_TAGS = (); }; };
		DEB2BC841C3BB8EB00C92B98 /* main.m in Sources */ = {isa = PBXBuildFile; fileRef = DEB2BC831C3BB8EB00C92B98 /* main.m */; };
		DEB2BC871C3BB8EB00C92B98 /* AppDelegate.m in Sources */ = {isa = PBXBuildFile; fileRef = DEB2BC861C3BB8EB00C92B98 /* AppDelegate.m */; };
		DEB2BC8D1C3BB8EB00C92B98 /* Main.storyboard in Resources */ = {isa = PBXBuildFile; fileRef = DEB2BC8B1C3BB8EB00C92B98 /* Main.storyboard */; };
		DEB2BC8F1C3BB8EB00C92B98 /* Assets.xcassets in Resources */ = {isa = PBXBuildFile; fileRef = DEB2BC8E1C3BB8EB00C92B98 /* Assets.xcassets */; };
		DEB2BC921C3BB8EB00C92B98 /* LaunchScreen.storyboard in Resources */ = {isa = PBXBuildFile; fileRef = DEB2BC901C3BB8EB00C92B98 /* LaunchScreen.storyboard */; };
		F3A04B75D4069C84B2429E94 /* libPods-DemoPushNotification.a in Frameworks */ = {isa = PBXBuildFile; fileRef = 085DCF86F4D15A50D64747E8 /* libPods-DemoPushNotification.a */; };
/* End PBXBuildFile section */

/* Begin PBXFileReference section */
		085DCF86F4D15A50D64747E8 /* libPods-DemoPushNotification.a */ = {isa = PBXFileReference; explicitFileType = archive.ar; includeInIndex = 0; path = "libPods-DemoPushNotification.a"; sourceTree = BUILT_PRODUCTS_DIR; };
		958456493EB50E78471D6C88 /* Pods-DemoPushNotification.debug.xcconfig */ = {isa = PBXFileReference; includeInIndex = 1; lastKnownFileType = text.xcconfig; name = "Pods-DemoPushNotification.debug.xcconfig"; path = "Pods/Target Support Files/Pods-DemoPushNotification/Pods-DemoPushNotification.debug.xcconfig"; sourceTree = "<group>"; };
		DE49F61A1C3E179C00CC9722 /* PDPushNotification-Prefix.pch */ = {isa = PBXFileReference; lastKnownFileType = sourcecode.c.h; path = "PDPushNotification-Prefix.pch"; sourceTree = "<group>"; };
		DE49F61B1C3E19AA00CC9722 /* NSString+APIPaths.h */ = {isa = PBXFileReference; fileEncoding = 4; lastKnownFileType = sourcecode.c.h; path = "NSString+APIPaths.h"; sourceTree = "<group>"; };
		DE49F61C1C3E19AA00CC9722 /* NSString+APIPaths.m */ = {isa = PBXFileReference; fileEncoding = 4; lastKnownFileType = sourcecode.c.objc; path = "NSString+APIPaths.m"; sourceTree = "<group>"; };
		DE49F61E1C3E1ACB00CC9722 /* PDError.h */ = {isa = PBXFileReference; fileEncoding = 4; lastKnownFileType = sourcecode.c.h; path = PDError.h; sourceTree = "<group>"; };
		DE49F61F1C3E1ACB00CC9722 /* PDError.m */ = {isa = PBXFileReference; fileEncoding = 4; lastKnownFileType = sourcecode.c.objc; path = PDError.m; sourceTree = "<group>"; };
		DE49F6271C3E3C0C00CC9722 /* PDHTTPClient.h */ = {isa = PBXFileReference; fileEncoding = 4; lastKnownFileType = sourcecode.c.h; path = PDHTTPClient.h; sourceTree = "<group>"; };
		DE49F6281C3E3C0C00CC9722 /* PDHTTPClient.m */ = {isa = PBXFileReference; fileEncoding = 4; lastKnownFileType = sourcecode.c.objc; path = PDHTTPClient.m; sourceTree = "<group>"; };
		DE49F62A1C3E43C600CC9722 /* PDUserDetail.h */ = {isa = PBXFileReference; fileEncoding = 4; lastKnownFileType = sourcecode.c.h; path = PDUserDetail.h; sourceTree = "<group>"; };
		DE49F62B1C3E43C600CC9722 /* PDUserDetail.m */ = {isa = PBXFileReference; fileEncoding = 4; lastKnownFileType = sourcecode.c.objc; path = PDUserDetail.m; sourceTree = "<group>"; };
		DE49F62F1C3E54B400CC9722 /* Contents.json */ = {isa = PBXFileReference; fileEncoding = 4; lastKnownFileType = text.json; path = Contents.json; sourceTree = "<group>"; };
		DE49F6301C3E54B400CC9722 /* Icon-40.png */ = {isa = PBXFileReference; lastKnownFileType = image.png; path = "Icon-40.png"; sourceTree = "<group>"; };
		DE49F6311C3E54B400CC9722 /* Icon-40@2x.png */ = {isa = PBXFileReference; lastKnownFileType = image.png; path = "Icon-40@2x.png"; sourceTree = "<group>"; };
		DE49F6321C3E54B400CC9722 /* Icon-40@3x.png */ = {isa = PBXFileReference; lastKnownFileType = image.png; path = "Icon-40@3x.png"; sourceTree = "<group>"; };
		DE49F6331C3E54B400CC9722 /* Icon-60@2x.png */ = {isa = PBXFileReference; lastKnownFileType = image.png; path = "Icon-60@2x.png"; sourceTree = "<group>"; };
		DE49F6341C3E54B400CC9722 /* Icon-60@3x.png */ = {isa = PBXFileReference; lastKnownFileType = image.png; path = "Icon-60@3x.png"; sourceTree = "<group>"; };
		DE49F6351C3E54B400CC9722 /* Icon-76.png */ = {isa = PBXFileReference; lastKnownFileType = image.png; path = "Icon-76.png"; sourceTree = "<group>"; };
		DE49F6361C3E54B400CC9722 /* Icon-76@2x.png */ = {isa = PBXFileReference; lastKnownFileType = image.png; path = "Icon-76@2x.png"; sourceTree = "<group>"; };
		DE49F6371C3E54B400CC9722 /* Icon-83.5@2x.png */ = {isa = PBXFileReference; lastKnownFileType = image.png; path = "Icon-83.5@2x.png"; sourceTree = "<group>"; };
		DE49F6381C3E54B400CC9722 /* Icon-Small.png */ = {isa = PBXFileReference; lastKnownFileType = image.png; path = "Icon-Small.png"; sourceTree = "<group>"; };
		DE49F6391C3E54B400CC9722 /* Icon-Small@2x.png */ = {isa = PBXFileReference; lastKnownFileType = image.png; path = "Icon-Small@2x.png"; sourceTree = "<group>"; };
		DE49F63A1C3E54B400CC9722 /* Icon-Small@3x.png */ = {isa = PBXFileReference; lastKnownFileType = image.png; path = "Icon-Small@3x.png"; sourceTree = "<group>"; };
		DE49F63B1C3E54B400CC9722 /* Icon-60.png */ = {isa = PBXFileReference; lastKnownFileType = image.png; path = "Icon-60.png"; sourceTree = "<group>"; };
		DE49F63C1C3E54B400CC9722 /* Icon-72.png */ = {isa = PBXFileReference; lastKnownFileType = image.png; path = "Icon-72.png"; sourceTree = "<group>"; };
		DE49F63D1C3E54B400CC9722 /* Icon-72@2x.png */ = {isa = PBXFileReference; lastKnownFileType = image.png; path = "Icon-72@2x.png"; sourceTree = "<group>"; };
		DE49F63E1C3E54B400CC9722 /* Icon-Small-50.png */ = {isa = PBXFileReference; lastKnownFileType = image.png; path = "Icon-Small-50.png"; sourceTree = "<group>"; };
		DE49F63F1C3E54B400CC9722 /* Icon-Small-50@2x.png */ = {isa = PBXFileReference; lastKnownFileType = image.png; path = "Icon-Small-50@2x.png"; sourceTree = "<group>"; };
		DE49F6401C3E54B400CC9722 /* Icon.png */ = {isa = PBXFileReference; lastKnownFileType = image.png; path = Icon.png; sourceTree = "<group>"; };
		DE49F6411C3E54B400CC9722 /* Icon@2x.png */ = {isa = PBXFileReference; lastKnownFileType = image.png; path = "Icon@2x.png"; sourceTree = "<group>"; };
		DE49F6421C3E54B400CC9722 /* iTunesArtwork.png */ = {isa = PBXFileReference; lastKnownFileType = image.png; path = iTunesArtwork.png; sourceTree = "<group>"; };
		DE49F6431C3E54B400CC9722 /* iTunesArtwork@2x.png */ = {isa = PBXFileReference; lastKnownFileType = image.png; path = "iTunesArtwork@2x.png"; sourceTree = "<group>"; };
		DE49F65B1C3F54AB00CC9722 /* PDUserDefault.h */ = {isa = PBXFileReference; fileEncoding = 4; lastKnownFileType = sourcecode.c.h; path = PDUserDefault.h; sourceTree = "<group>"; };
		DE49F65C1C3F54AB00CC9722 /* PDUserDefault.m */ = {isa = PBXFileReference; fileEncoding = 4; lastKnownFileType = sourcecode.c.objc; path = PDUserDefault.m; sourceTree = "<group>"; };
		DE49F65E1C3F552900CC9722 /* PDUser.h */ = {isa = PBXFileReference; fileEncoding = 4; lastKnownFileType = sourcecode.c.h; path = PDUser.h; sourceTree = "<group>"; };
		DE49F65F1C3F552900CC9722 /* PDUser.m */ = {isa = PBXFileReference; fileEncoding = 4; lastKnownFileType = sourcecode.c.objc; path = PDUser.m; sourceTree = "<group>"; };
		DE49F6671C3F703C00CC9722 /* Foundation.framework */ = {isa = PBXFileReference; lastKnownFileType = wrapper.framework; name = Foundation.framework; path = System/Library/Frameworks/Foundation.framework; sourceTree = SDKROOT; };
		DE49F66C1C3F93A000CC9722 /* PDLogin.h */ = {isa = PBXFileReference; fileEncoding = 4; lastKnownFileType = sourcecode.c.h; path = PDLogin.h; sourceTree = "<group>"; };
		DE49F66D1C3F93A000CC9722 /* PDLogin.m */ = {isa = PBXFileReference; fileEncoding = 4; lastKnownFileType = sourcecode.c.objc; path = PDLogin.m; sourceTree = "<group>"; };
		DE8446D01C449CE800DA6454 /* PDListUser.h */ = {isa = PBXFileReference; fileEncoding = 4; lastKnownFileType = sourcecode.c.h; path = PDListUser.h; sourceTree = "<group>"; };
		DE8446D11C449CE800DA6454 /* PDListUser.m */ = {isa = PBXFileReference; fileEncoding = 4; lastKnownFileType = sourcecode.c.objc; path = PDListUser.m; sourceTree = "<group>"; };
		DE8446D31C44A32500DA6454 /* PDListUserCell.h */ = {isa = PBXFileReference; fileEncoding = 4; lastKnownFileType = sourcecode.c.h; path = PDListUserCell.h; sourceTree = "<group>"; };
		DE8446D41C44A32500DA6454 /* PDListUserCell.m */ = {isa = PBXFileReference; fileEncoding = 4; lastKnownFileType = sourcecode.c.objc; path = PDListUserCell.m; sourceTree = "<group>"; };
		DE8446D61C44A9EA00DA6454 /* UserObject.h */ = {isa = PBXFileReference; fileEncoding = 4; lastKnownFileType = sourcecode.c.h; path = UserObject.h; sourceTree = "<group>"; };
		DE8446D71C44A9EA00DA6454 /* UserObject.m */ = {isa = PBXFileReference; fileEncoding = 4; lastKnownFileType = sourcecode.c.objc; path = UserObject.m; sourceTree = "<group>"; };
		DE8446E11C44B82A00DA6454 /* NSDictionary+Verified.h */ = {isa = PBXFileReference; fileEncoding = 4; lastKnownFileType = sourcecode.c.h; path = "NSDictionary+Verified.h"; sourceTree = "<group>"; };
		DE8446E21C44B82A00DA6454 /* NSDictionary+Verified.m */ = {isa = PBXFileReference; fileEncoding = 4; lastKnownFileType = sourcecode.c.objc; path = "NSDictionary+Verified.m"; sourceTree = "<group>"; };
		DE8446E31C44B82A00DA6454 /* NSString+Verify.h */ = {isa = PBXFileReference; fileEncoding = 4; lastKnownFileType = sourcecode.c.h; path = "NSString+Verify.h"; sourceTree = "<group>"; };
		DE8446E41C44B82A00DA6454 /* NSString+Verify.m */ = {isa = PBXFileReference; fileEncoding = 4; lastKnownFileType = sourcecode.c.objc; path = "NSString+Verify.m"; sourceTree = "<group>"; };
		DE8446E61C44B82A00DA6454 /* PDParamsDefine.h */ = {isa = PBXFileReference; fileEncoding = 4; lastKnownFileType = sourcecode.c.h; path = PDParamsDefine.h; sourceTree = "<group>"; };
		DE8446EA1C44B88200DA6454 /* PDBaseParser.h */ = {isa = PBXFileReference; fileEncoding = 4; lastKnownFileType = sourcecode.c.h; path = PDBaseParser.h; sourceTree = "<group>"; };
		DE8446EB1C44B88200DA6454 /* PDBaseParser.m */ = {isa = PBXFileReference; fileEncoding = 4; lastKnownFileType = sourcecode.c.objc; path = PDBaseParser.m; sourceTree = "<group>"; };
		DE8446EC1C44B88200DA6454 /* PDUserObjectParser.h */ = {isa = PBXFileReference; fileEncoding = 4; lastKnownFileType = sourcecode.c.h; path = PDUserObjectParser.h; sourceTree = "<group>"; };
		DE8446ED1C44B88200DA6454 /* PDUserObjectParser.m */ = {isa = PBXFileReference; fileEncoding = 4; lastKnownFileType = sourcecode.c.objc; path = PDUserObjectParser.m; sourceTree = "<group>"; };
		DE8446F01C44D9F800DA6454 /* PDEditUser.h */ = {isa = PBXFileReference; fileEncoding = 4; lastKnownFileType = sourcecode.c.h; path = PDEditUser.h; sourceTree = "<group>"; };
		DE8446F11C44D9F800DA6454 /* PDEditUser.m */ = {isa = PBXFileReference; fileEncoding = 4; lastKnownFileType = sourcecode.c.objc; path = PDEditUser.m; sourceTree = "<group>"; };
		DE92A9E61C508E8C001284EC /* defaultImage.png */ = {isa = PBXFileReference; lastKnownFileType = image.png; path = defaultImage.png; sourceTree = "<group>"; };
		DE92A9EC1C50BE9D001284EC /* DummyData.json */ = {isa = PBXFileReference; fileEncoding = 4; lastKnownFileType = text.json; path = DummyData.json; sourceTree = "<group>"; };
		DEB2BC7F1C3BB8EB00C92B98 /* PD Push.app */ = {isa = PBXFileReference; explicitFileType = wrapper.application; includeInIndex = 0; path = "PD Push.app"; sourceTree = BUILT_PRODUCTS_DIR; };
		DEB2BC831C3BB8EB00C92B98 /* main.m */ = {isa = PBXFileReference; lastKnownFileType = sourcecode.c.objc; path = main.m; sourceTree = "<group>"; };
		DEB2BC851C3BB8EB00C92B98 /* AppDelegate.h */ = {isa = PBXFileReference; lastKnownFileType = sourcecode.c.h; path = AppDelegate.h; sourceTree = "<group>"; };
		DEB2BC861C3BB8EB00C92B98 /* AppDelegate.m */ = {isa = PBXFileReference; lastKnownFileType = sourcecode.c.objc; path = AppDelegate.m; sourceTree = "<group>"; };
		DEB2BC8C1C3BB8EB00C92B98 /* Base */ = {isa = PBXFileReference; lastKnownFileType = file.storyboard; name = Base; path = Base.lproj/Main.storyboard; sourceTree = "<group>"; };
		DEB2BC8E1C3BB8EB00C92B98 /* Assets.xcassets */ = {isa = PBXFileReference; lastKnownFileType = folder.assetcatalog; name = Assets.xcassets; path = ../Assets.xcassets; sourceTree = "<group>"; };
		DEB2BC911C3BB8EB00C92B98 /* Base */ = {isa = PBXFileReference; lastKnownFileType = file.storyboard; name = Base; path = Base.lproj/LaunchScreen.storyboard; sourceTree = "<group>"; };
		DEB2BC931C3BB8EB00C92B98 /* Info.plist */ = {isa = PBXFileReference; lastKnownFileType = text.plist.xml; path = Info.plist; sourceTree = "<group>"; };
		F82F44A9EA37F05AF295B964 /* Pods-DemoPushNotification.release.xcconfig */ = {isa = PBXFileReference; includeInIndex = 1; lastKnownFileType = text.xcconfig; name = "Pods-DemoPushNotification.release.xcconfig"; path = "Pods/Target Support Files/Pods-DemoPushNotification/Pods-DemoPushNotification.release.xcconfig"; sourceTree = "<group>"; };
/* End PBXFileReference section */

/* Begin PBXFrameworksBuildPhase section */
		DEB2BC7C1C3BB8EB00C92B98 /* Frameworks */ = {
			isa = PBXFrameworksBuildPhase;
			buildActionMask = 2147483647;
			files = (
				DE49F6681C3F703C00CC9722 /* Foundation.framework in Frameworks */,
				F3A04B75D4069C84B2429E94 /* libPods-DemoPushNotification.a in Frameworks */,
			);
			runOnlyForDeploymentPostprocessing = 0;
		};
/* End PBXFrameworksBuildPhase section */

/* Begin PBXGroup section */
		89CF305A99729B71272446DA /* Frameworks */ = {
			isa = PBXGroup;
			children = (
				DE49F6671C3F703C00CC9722 /* Foundation.framework */,
				085DCF86F4D15A50D64747E8 /* libPods-DemoPushNotification.a */,
			);
			name = Frameworks;
			sourceTree = "<group>";
		};
		8B2263612EC27AAA14F85614 /* Pods */ = {
			isa = PBXGroup;
			children = (
				958456493EB50E78471D6C88 /* Pods-DemoPushNotification.debug.xcconfig */,
				F82F44A9EA37F05AF295B964 /* Pods-DemoPushNotification.release.xcconfig */,
			);
			name = Pods;
			sourceTree = "<group>";
		};
		DE49F6011C3E0D0900CC9722 /* API */ = {
			isa = PBXGroup;
			children = (
				DE49F61B1C3E19AA00CC9722 /* NSString+APIPaths.h */,
				DE49F61C1C3E19AA00CC9722 /* NSString+APIPaths.m */,
				DE49F61E1C3E1ACB00CC9722 /* PDError.h */,
				DE49F61F1C3E1ACB00CC9722 /* PDError.m */,
				DE49F6271C3E3C0C00CC9722 /* PDHTTPClient.h */,
				DE49F6281C3E3C0C00CC9722 /* PDHTTPClient.m */,
			);
			path = API;
			sourceTree = "<group>";
		};
		DE49F6021C3E0D0900CC9722 /* Common */ = {
			isa = PBXGroup;
			children = (
				DE8446E01C44B82A00DA6454 /* Categories */,
				DE8446E51C44B82A00DA6454 /* Define */,
				DE49F65B1C3F54AB00CC9722 /* PDUserDefault.h */,
				DE49F65C1C3F54AB00CC9722 /* PDUserDefault.m */,
				DE92A9EC1C50BE9D001284EC /* DummyData.json */,
			);
			path = Common;
			sourceTree = "<group>";
		};
		DE49F6031C3E0D0900CC9722 /* Controller */ = {
			isa = PBXGroup;
			children = (
				DE49F62A1C3E43C600CC9722 /* PDUserDetail.h */,
				DE49F62B1C3E43C600CC9722 /* PDUserDetail.m */,
				DE49F66C1C3F93A000CC9722 /* PDLogin.h */,
				DE49F66D1C3F93A000CC9722 /* PDLogin.m */,
				DE8446D01C449CE800DA6454 /* PDListUser.h */,
				DE8446D11C449CE800DA6454 /* PDListUser.m */,
				DE8446F01C44D9F800DA6454 /* PDEditUser.h */,
				DE8446F11C44D9F800DA6454 /* PDEditUser.m */,
			);
			path = Controller;
			sourceTree = "<group>";
		};
		DE49F6051C3E0D0900CC9722 /* Helpers */ = {
			isa = PBXGroup;
			children = (
			);
			path = Helpers;
			sourceTree = "<group>";
		};
		DE49F6061C3E0D0900CC9722 /* Model */ = {
			isa = PBXGroup;
			children = (
				DE8446E91C44B88200DA6454 /* Parser */,
				DE49F65E1C3F552900CC9722 /* PDUser.h */,
				DE49F65F1C3F552900CC9722 /* PDUser.m */,
				DE8446D61C44A9EA00DA6454 /* UserObject.h */,
				DE8446D71C44A9EA00DA6454 /* UserObject.m */,
			);
			path = Model;
			sourceTree = "<group>";
		};
		DE49F6071C3E0D0900CC9722 /* Resources */ = {
			isa = PBXGroup;
			children = (
				DE92A9E51C508E8C001284EC /* images */,
				DE49F62D1C3E54B400CC9722 /* icon */,
				DEB2BC8E1C3BB8EB00C92B98 /* Assets.xcassets */,
			);
			path = Resources;
			sourceTree = "<group>";
		};
		DE49F6081C3E0D0900CC9722 /* ThirdPartyLibrary */ = {
			isa = PBXGroup;
			children = (
			);
			path = ThirdPartyLibrary;
			sourceTree = "<group>";
		};
		DE49F6091C3E0D0900CC9722 /* Views */ = {
			isa = PBXGroup;
			children = (
				DE8446D31C44A32500DA6454 /* PDListUserCell.h */,
				DE8446D41C44A32500DA6454 /* PDListUserCell.m */,
			);
			path = Views;
			sourceTree = "<group>";
		};
		DE49F60A1C3E0D9600CC9722 /* AppDelegate */ = {
			isa = PBXGroup;
			children = (
				DEB2BC851C3BB8EB00C92B98 /* AppDelegate.h */,
				DEB2BC861C3BB8EB00C92B98 /* AppDelegate.m */,
			);
			name = AppDelegate;
			sourceTree = "<group>";
		};
		DE49F60B1C3E0E0A00CC9722 /* Layout */ = {
			isa = PBXGroup;
			children = (
				DEB2BC8B1C3BB8EB00C92B98 /* Main.storyboard */,
				DEB2BC901C3BB8EB00C92B98 /* LaunchScreen.storyboard */,
			);
			name = Layout;
			sourceTree = "<group>";
		};
		DE49F62D1C3E54B400CC9722 /* icon */ = {
			isa = PBXGroup;
			children = (
				DE49F62E1C3E54B400CC9722 /* AppIcon.appiconset */,
				DE49F63B1C3E54B400CC9722 /* Icon-60.png */,
				DE49F63C1C3E54B400CC9722 /* Icon-72.png */,
				DE49F63D1C3E54B400CC9722 /* Icon-72@2x.png */,
				DE49F63E1C3E54B400CC9722 /* Icon-Small-50.png */,
				DE49F63F1C3E54B400CC9722 /* Icon-Small-50@2x.png */,
				DE49F6401C3E54B400CC9722 /* Icon.png */,
				DE49F6411C3E54B400CC9722 /* Icon@2x.png */,
				DE49F6421C3E54B400CC9722 /* iTunesArtwork.png */,
				DE49F6431C3E54B400CC9722 /* iTunesArtwork@2x.png */,
			);
			path = icon;
			sourceTree = "<group>";
		};
		DE49F62E1C3E54B400CC9722 /* AppIcon.appiconset */ = {
			isa = PBXGroup;
			children = (
				DE49F62F1C3E54B400CC9722 /* Contents.json */,
				DE49F6301C3E54B400CC9722 /* Icon-40.png */,
				DE49F6311C3E54B400CC9722 /* Icon-40@2x.png */,
				DE49F6321C3E54B400CC9722 /* Icon-40@3x.png */,
				DE49F6331C3E54B400CC9722 /* Icon-60@2x.png */,
				DE49F6341C3E54B400CC9722 /* Icon-60@3x.png */,
				DE49F6351C3E54B400CC9722 /* Icon-76.png */,
				DE49F6361C3E54B400CC9722 /* Icon-76@2x.png */,
				DE49F6371C3E54B400CC9722 /* Icon-83.5@2x.png */,
				DE49F6381C3E54B400CC9722 /* Icon-Small.png */,
				DE49F6391C3E54B400CC9722 /* Icon-Small@2x.png */,
				DE49F63A1C3E54B400CC9722 /* Icon-Small@3x.png */,
			);
			path = AppIcon.appiconset;
			sourceTree = "<group>";
		};
		DE8446E01C44B82A00DA6454 /* Categories */ = {
			isa = PBXGroup;
			children = (
				DE8446E11C44B82A00DA6454 /* NSDictionary+Verified.h */,
				DE8446E21C44B82A00DA6454 /* NSDictionary+Verified.m */,
				DE8446E31C44B82A00DA6454 /* NSString+Verify.h */,
				DE8446E41C44B82A00DA6454 /* NSString+Verify.m */,
			);
			path = Categories;
			sourceTree = "<group>";
		};
		DE8446E51C44B82A00DA6454 /* Define */ = {
			isa = PBXGroup;
			children = (
				DE8446E61C44B82A00DA6454 /* PDParamsDefine.h */,
			);
			path = Define;
			sourceTree = "<group>";
		};
		DE8446E91C44B88200DA6454 /* Parser */ = {
			isa = PBXGroup;
			children = (
				DE8446EA1C44B88200DA6454 /* PDBaseParser.h */,
				DE8446EB1C44B88200DA6454 /* PDBaseParser.m */,
				DE8446EC1C44B88200DA6454 /* PDUserObjectParser.h */,
				DE8446ED1C44B88200DA6454 /* PDUserObjectParser.m */,
			);
			path = Parser;
			sourceTree = "<group>";
		};
		DE92A9E51C508E8C001284EC /* images */ = {
			isa = PBXGroup;
			children = (
				DE92A9E61C508E8C001284EC /* defaultImage.png */,
			);
			path = images;
			sourceTree = "<group>";
		};
		DEB2BC761C3BB8EB00C92B98 = {
			isa = PBXGroup;
			children = (
				DEB2BC811C3BB8EB00C92B98 /* DemoPushNotification */,
				DEB2BC801C3BB8EB00C92B98 /* Products */,
				8B2263612EC27AAA14F85614 /* Pods */,
				89CF305A99729B71272446DA /* Frameworks */,
			);
			sourceTree = "<group>";
		};
		DEB2BC801C3BB8EB00C92B98 /* Products */ = {
			isa = PBXGroup;
			children = (
				DEB2BC7F1C3BB8EB00C92B98 /* PD Push.app */,
			);
			name = Products;
			sourceTree = "<group>";
		};
		DEB2BC811C3BB8EB00C92B98 /* DemoPushNotification */ = {
			isa = PBXGroup;
			children = (
				DE49F6011C3E0D0900CC9722 /* API */,
				DE49F6021C3E0D0900CC9722 /* Common */,
				DE49F6031C3E0D0900CC9722 /* Controller */,
				DE49F6051C3E0D0900CC9722 /* Helpers */,
				DE49F6061C3E0D0900CC9722 /* Model */,
				DE49F6071C3E0D0900CC9722 /* Resources */,
				DE49F6081C3E0D0900CC9722 /* ThirdPartyLibrary */,
				DE49F6091C3E0D0900CC9722 /* Views */,
				DE49F60A1C3E0D9600CC9722 /* AppDelegate */,
				DE49F60B1C3E0E0A00CC9722 /* Layout */,
				DEB2BC821C3BB8EB00C92B98 /* Supporting Files */,
			);
			path = DemoPushNotification;
			sourceTree = "<group>";
		};
		DEB2BC821C3BB8EB00C92B98 /* Supporting Files */ = {
			isa = PBXGroup;
			children = (
				DEB2BC931C3BB8EB00C92B98 /* Info.plist */,
				DEB2BC831C3BB8EB00C92B98 /* main.m */,
				DE49F61A1C3E179C00CC9722 /* PDPushNotification-Prefix.pch */,
			);
			name = "Supporting Files";
			sourceTree = "<group>";
		};
/* End PBXGroup section */

/* Begin PBXNativeTarget section */
		DEB2BC7E1C3BB8EB00C92B98 /* DemoPushNotification */ = {
			isa = PBXNativeTarget;
			buildConfigurationList = DEB2BC961C3BB8EB00C92B98 /* Build configuration list for PBXNativeTarget "DemoPushNotification" */;
			buildPhases = (
				53F1F2FFEE7C8B87AC6E6CBC /* Check Pods Manifest.lock */,
				DEB2BC7B1C3BB8EB00C92B98 /* Sources */,
				DEB2BC7C1C3BB8EB00C92B98 /* Frameworks */,
				DEB2BC7D1C3BB8EB00C92B98 /* Resources */,
				D053EF49B9ED2E4143E5D6E4 /* Copy Pods Resources */,
			);
			buildRules = (
			);
			dependencies = (
			);
			name = DemoPushNotification;
			productName = DemoPushNotification;
			productReference = DEB2BC7F1C3BB8EB00C92B98 /* PD Push.app */;
			productType = "com.apple.product-type.application";
		};
/* End PBXNativeTarget section */

/* Begin PBXProject section */
		DEB2BC771C3BB8EB00C92B98 /* Project object */ = {
			isa = PBXProject;
			attributes = {
				LastUpgradeCheck = 0700;
				ORGANIZATIONNAME = phuocdai;
				TargetAttributes = {
					DEB2BC7E1C3BB8EB00C92B98 = {
						CreatedOnToolsVersion = 7.0;
					};
				};
			};
			buildConfigurationList = DEB2BC7A1C3BB8EB00C92B98 /* Build configuration list for PBXProject "DemoPushNotification" */;
			compatibilityVersion = "Xcode 3.2";
			developmentRegion = English;
			hasScannedForEncodings = 0;
			knownRegions = (
				en,
				Base,
			);
			mainGroup = DEB2BC761C3BB8EB00C92B98;
			productRefGroup = DEB2BC801C3BB8EB00C92B98 /* Products */;
			projectDirPath = "";
			projectRoot = "";
			targets = (
				DEB2BC7E1C3BB8EB00C92B98 /* DemoPushNotification */,
			);
		};
/* End PBXProject section */

/* Begin PBXResourcesBuildPhase section */
		DEB2BC7D1C3BB8EB00C92B98 /* Resources */ = {
			isa = PBXResourcesBuildPhase;
			buildActionMask = 2147483647;
			files = (
				DE49F6551C3E54B400CC9722 /* Icon-Small-50@2x.png in Resources */,
				DE49F6571C3E54B400CC9722 /* Icon@2x.png in Resources */,
				DE49F6501C3E54B400CC9722 /* Icon-Small@3x.png in Resources */,
				DE49F64D1C3E54B400CC9722 /* Icon-83.5@2x.png in Resources */,
				DEB2BC921C3BB8EB00C92B98 /* LaunchScreen.storyboard in Resources */,
				DEB2BC8F1C3BB8EB00C92B98 /* Assets.xcassets in Resources */,
				DE49F6521C3E54B400CC9722 /* Icon-72.png in Resources */,
				DE49F6531C3E54B400CC9722 /* Icon-72@2x.png in Resources */,
				DE92A9E71C508E8C001284EC /* defaultImage.png in Resources */,
				DE92A9ED1C50BE9D001284EC /* DummyData.json in Resources */,
				DE49F64F1C3E54B400CC9722 /* Icon-Small@2x.png in Resources */,
				DE49F6561C3E54B400CC9722 /* Icon.png in Resources */,
				DE49F6591C3E54B400CC9722 /* iTunesArtwork@2x.png in Resources */,
				DE49F64E1C3E54B400CC9722 /* Icon-Small.png in Resources */,
				DE49F64A1C3E54B400CC9722 /* Icon-60@3x.png in Resources */,
				DE49F6581C3E54B400CC9722 /* iTunesArtwork.png in Resources */,
				DE49F6511C3E54B400CC9722 /* Icon-60.png in Resources */,
				DE49F6461C3E54B400CC9722 /* Icon-40.png in Resources */,
				DE49F64C1C3E54B400CC9722 /* Icon-76@2x.png in Resources */,
				DE49F6471C3E54B400CC9722 /* Icon-40@2x.png in Resources */,
				DE49F64B1C3E54B400CC9722 /* Icon-76.png in Resources */,
				DE49F6541C3E54B400CC9722 /* Icon-Small-50.png in Resources */,
				DE49F6491C3E54B400CC9722 /* Icon-60@2x.png in Resources */,
				DE49F6451C3E54B400CC9722 /* Contents.json in Resources */,
				DE49F6481C3E54B400CC9722 /* Icon-40@3x.png in Resources */,
				DEB2BC8D1C3BB8EB00C92B98 /* Main.storyboard in Resources */,
			);
			runOnlyForDeploymentPostprocessing = 0;
		};
/* End PBXResourcesBuildPhase section */

/* Begin PBXShellScriptBuildPhase section */
		53F1F2FFEE7C8B87AC6E6CBC /* Check Pods Manifest.lock */ = {
			isa = PBXShellScriptBuildPhase;
			buildActionMask = 2147483647;
			files = (
			);
			inputPaths = (
			);
			name = "Check Pods Manifest.lock";
			outputPaths = (
			);
			runOnlyForDeploymentPostprocessing = 0;
			shellPath = /bin/sh;
			shellScript = "diff \"${PODS_ROOT}/../Podfile.lock\" \"${PODS_ROOT}/Manifest.lock\" > /dev/null\nif [[ $? != 0 ]] ; then\n    cat << EOM\nerror: The sandbox is not in sync with the Podfile.lock. Run 'pod install' or update your CocoaPods installation.\nEOM\n    exit 1\nfi\n";
			showEnvVarsInLog = 0;
		};
		D053EF49B9ED2E4143E5D6E4 /* Copy Pods Resources */ = {
			isa = PBXShellScriptBuildPhase;
			buildActionMask = 2147483647;
			files = (
			);
			inputPaths = (
			);
			name = "Copy Pods Resources";
			outputPaths = (
			);
			runOnlyForDeploymentPostprocessing = 0;
			shellPath = /bin/sh;
			shellScript = "\"${SRCROOT}/Pods/Target Support Files/Pods-DemoPushNotification/Pods-DemoPushNotification-resources.sh\"\n";
			showEnvVarsInLog = 0;
		};
/* End PBXShellScriptBuildPhase section */

/* Begin PBXSourcesBuildPhase section */
		DEB2BC7B1C3BB8EB00C92B98 /* Sources */ = {
			isa = PBXSourcesBuildPhase;
			buildActionMask = 2147483647;
			files = (
				DE8446D51C44A32500DA6454 /* PDListUserCell.m in Sources */,
				DE49F62C1C3E43C600CC9722 /* PDUserDetail.m in Sources */,
				DE49F65D1C3F54AB00CC9722 /* PDUserDefault.m in Sources */,
				DE8446EE1C44B88200DA6454 /* PDBaseParser.m in Sources */,
				DE8446E81C44B82A00DA6454 /* NSString+Verify.m in Sources */,
				DEB2BC871C3BB8EB00C92B98 /* AppDelegate.m in Sources */,
				DE8446EF1C44B88200DA6454 /* PDUserObjectParser.m in Sources */,
				DE49F66E1C3F93A000CC9722 /* PDLogin.m in Sources */,
				DE8446D21C449CE800DA6454 /* PDListUser.m in Sources */,
				DE8446F21C44D9F800DA6454 /* PDEditUser.m in Sources */,
				DE49F6291C3E3C0C00CC9722 /* PDHTTPClient.m in Sources */,
				DE49F6201C3E1ACB00CC9722 /* PDError.m in Sources */,
				DEB2BC841C3BB8EB00C92B98 /* main.m in Sources */,
				DE8446D81C44A9EA00DA6454 /* UserObject.m in Sources */,
				DE8446E71C44B82A00DA6454 /* NSDictionary+Verified.m in Sources */,
				DE49F6601C3F552900CC9722 /* PDUser.m in Sources */,
				DE49F61D1C3E19AA00CC9722 /* NSString+APIPaths.m in Sources */,
			);
			runOnlyForDeploymentPostprocessing = 0;
		};
/* End PBXSourcesBuildPhase section */

/* Begin PBXVariantGroup section */
		DEB2BC8B1C3BB8EB00C92B98 /* Main.storyboard */ = {
			isa = PBXVariantGroup;
			children = (
				DEB2BC8C1C3BB8EB00C92B98 /* Base */,
			);
			name = Main.storyboard;
			sourceTree = "<group>";
		};
		DEB2BC901C3BB8EB00C92B98 /* LaunchScreen.storyboard */ = {
			isa = PBXVariantGroup;
			children = (
				DEB2BC911C3BB8EB00C92B98 /* Base */,
			);
			name = LaunchScreen.storyboard;
			sourceTree = "<group>";
		};
/* End PBXVariantGroup section */

/* Begin XCBuildConfiguration section */
		DEB2BC941C3BB8EB00C92B98 /* Debug */ = {
			isa = XCBuildConfiguration;
			buildSettings = {
				ALWAYS_SEARCH_USER_PATHS = NO;
				CLANG_CXX_LANGUAGE_STANDARD = "gnu++0x";
				CLANG_CXX_LIBRARY = "libc++";
				CLANG_ENABLE_MODULES = YES;
				CLANG_ENABLE_OBJC_ARC = YES;
				CLANG_WARN_BOOL_CONVERSION = YES;
				CLANG_WARN_CONSTANT_CONVERSION = YES;
				CLANG_WARN_DIRECT_OBJC_ISA_USAGE = YES_ERROR;
				CLANG_WARN_EMPTY_BODY = YES;
				CLANG_WARN_ENUM_CONVERSION = YES;
				CLANG_WARN_INT_CONVERSION = YES;
				CLANG_WARN_OBJC_ROOT_CLASS = YES_ERROR;
				CLANG_WARN_UNREACHABLE_CODE = YES;
				CLANG_WARN__DUPLICATE_METHOD_MATCH = YES;
				CODE_SIGN_IDENTITY = "";
				"CODE_SIGN_IDENTITY[sdk=iphoneos*]" = "";
				COPY_PHASE_STRIP = NO;
				DEBUG_INFORMATION_FORMAT = dwarf;
				ENABLE_STRICT_OBJC_MSGSEND = YES;
				ENABLE_TESTABILITY = YES;
				GCC_C_LANGUAGE_STANDARD = gnu99;
				GCC_DYNAMIC_NO_PIC = NO;
				GCC_NO_COMMON_BLOCKS = YES;
				GCC_OPTIMIZATION_LEVEL = 0;
				GCC_PREPROCESSOR_DEFINITIONS = (
					"DEBUG=1",
					"$(inherited)",
				);
				GCC_WARN_64_TO_32_BIT_CONVERSION = YES;
				GCC_WARN_ABOUT_RETURN_TYPE = YES_ERROR;
				GCC_WARN_UNDECLARED_SELECTOR = YES;
				GCC_WARN_UNINITIALIZED_AUTOS = YES_AGGRESSIVE;
				GCC_WARN_UNUSED_FUNCTION = YES;
				GCC_WARN_UNUSED_VARIABLE = YES;
				IPHONEOS_DEPLOYMENT_TARGET = 9.0;
				MTL_ENABLE_DEBUG_INFO = YES;
				ONLY_ACTIVE_ARCH = YES;
				PROVISIONING_PROFILE = "";
				SDKROOT = iphoneos;
			};
			name = Debug;
		};
		DEB2BC951C3BB8EB00C92B98 /* Release */ = {
			isa = XCBuildConfiguration;
			buildSettings = {
				ALWAYS_SEARCH_USER_PATHS = NO;
				CLANG_CXX_LANGUAGE_STANDARD = "gnu++0x";
				CLANG_CXX_LIBRARY = "libc++";
				CLANG_ENABLE_MODULES = YES;
				CLANG_ENABLE_OBJC_ARC = YES;
				CLANG_WARN_BOOL_CONVERSION = YES;
				CLANG_WARN_CONSTANT_CONVERSION = YES;
				CLANG_WARN_DIRECT_OBJC_ISA_USAGE = YES_ERROR;
				CLANG_WARN_EMPTY_BODY = YES;
				CLANG_WARN_ENUM_CONVERSION = YES;
				CLANG_WARN_INT_CONVERSION = YES;
				CLANG_WARN_OBJC_ROOT_CLASS = YES_ERROR;
				CLANG_WARN_UNREACHABLE_CODE = YES;
				CLANG_WARN__DUPLICATE_METHOD_MATCH = YES;
				CODE_SIGN_IDENTITY = "";
				"CODE_SIGN_IDENTITY[sdk=iphoneos*]" = "";
				COPY_PHASE_STRIP = NO;
				DEBUG_INFORMATION_FORMAT = "dwarf-with-dsym";
				ENABLE_NS_ASSERTIONS = NO;
				ENABLE_STRICT_OBJC_MSGSEND = YES;
				GCC_C_LANGUAGE_STANDARD = gnu99;
				GCC_NO_COMMON_BLOCKS = YES;
				GCC_WARN_64_TO_32_BIT_CONVERSION = YES;
				GCC_WARN_ABOUT_RETURN_TYPE = YES_ERROR;
				GCC_WARN_UNDECLARED_SELECTOR = YES;
				GCC_WARN_UNINITIALIZED_AUTOS = YES_AGGRESSIVE;
				GCC_WARN_UNUSED_FUNCTION = YES;
				GCC_WARN_UNUSED_VARIABLE = YES;
				IPHONEOS_DEPLOYMENT_TARGET = 9.0;
				MTL_ENABLE_DEBUG_INFO = NO;
				PROVISIONING_PROFILE = "";
				SDKROOT = iphoneos;
				VALIDATE_PRODUCT = YES;
			};
			name = Release;
		};
		DEB2BC971C3BB8EB00C92B98 /* Debug */ = {
			isa = XCBuildConfiguration;
			baseConfigurationReference = 958456493EB50E78471D6C88 /* Pods-DemoPushNotification.debug.xcconfig */;
			buildSettings = {
				ASSETCATALOG_COMPILER_APPICON_NAME = AppIcon;
				CODE_SIGN_IDENTITY = "iPhone Developer";
				GCC_PREFIX_HEADER = "DemoPushNotification/PDPushNotification-Prefix.pch";
				INFOPLIST_FILE = DemoPushNotification/Info.plist;
				IPHONEOS_DEPLOYMENT_TARGET = 8.0;
				LD_RUNPATH_SEARCH_PATHS = "$(inherited) @executable_path/Frameworks";
				PRODUCT_BUNDLE_IDENTIFIER = com.phuocdai.DemoPushNotification;
				PRODUCT_NAME = "PD Push";
				PROVISIONING_PROFILE = "";
			};
			name = Debug;
		};
		DEB2BC981C3BB8EB00C92B98 /* Release */ = {
			isa = XCBuildConfiguration;
			baseConfigurationReference = F82F44A9EA37F05AF295B964 /* Pods-DemoPushNotification.release.xcconfig */;
			buildSettings = {
				ASSETCATALOG_COMPILER_APPICON_NAME = AppIcon;
				CODE_SIGN_IDENTITY = "iPhone Developer";
				GCC_PREFIX_HEADER = "DemoPushNotification/PDPushNotification-Prefix.pch";
				INFOPLIST_FILE = DemoPushNotification/Info.plist;
				IPHONEOS_DEPLOYMENT_TARGET = 8.0;
				LD_RUNPATH_SEARCH_PATHS = "$(inherited) @executable_path/Frameworks";
				PRODUCT_BUNDLE_IDENTIFIER = com.phuocdai.DemoPushNotification;
				PRODUCT_NAME = "PD Push";
				PROVISIONING_PROFILE = "";
			};
			name = Release;
		};
/* End XCBuildConfiguration section */

/* Begin XCConfigurationList section */
		DEB2BC7A1C3BB8EB00C92B98 /* Build configuration list for PBXProject "DemoPushNotification" */ = {
			isa = XCConfigurationList;
			buildConfigurations = (
				DEB2BC941C3BB8EB00C92B98 /* Debug */,
				DEB2BC951C3BB8EB00C92B98 /* Release */,
			);
			defaultConfigurationIsVisible = 0;
			defaultConfigurationName = Release;
		};
		DEB2BC961C3BB8EB00C92B98 /* Build configuration list for PBXNativeTarget "DemoPushNotification" */ = {
			isa = XCConfigurationList;
			buildConfigurations = (
				DEB2BC971C3BB8EB00C92B98 /* Debug */,
				DEB2BC981C3BB8EB00C92B98 /* Release */,
			);
			defaultConfigurationIsVisible = 0;
			defaultConfigurationName = Release;
		};
/* End XCConfigurationList section */
	};
	rootObject = DEB2BC771C3BB8EB00C92B98 /* Project object */;
}
